
Microsoft Visual Studio Solution File, Format Version 12.00
# Visual Studio Version 17
VisualStudioVersion = 17.14.36202.13 d17.14
MinimumVisualStudioVersion = 10.0.40219.1
Project("{FAE04EC0-301F-11D3-BF4B-00C04F79EFBC}") = "AdventOfCode2025", "AdventOfCode2025\AdventOfCode2025.csproj", "{700B67C6-6E12-4E34-9152-9357AACB4503}"
EndProject
Global
	GlobalSection(SolutionConfigurationPlatforms) = preSolution
		Debug|Any CPU = Debug|Any CPU
		Release|Any CPU = Release|Any CPU
	EndGlobalSection
	GlobalSection(ProjectConfigurationPlatforms) = postSolution
		{700B67C6-6E12-4E34-9152-9357AACB4503}.Debug|Any CPU.ActiveCfg = Debug|Any CPU
		{700B67C6-6E12-4E34-9152-9357AACB4503}.Debug|Any CPU.Build.0 = Debug|Any CPU
		{700B67C6-6E12-4E34-9152-9357AACB4503}.Release|Any CPU.ActiveCfg = Release|Any CPU
		{700B67C6-6E12-4E34-9152-9357AACB4503}.Release|Any CPU.Build.0 = Release|Any CPU
	EndGlobalSection
	GlobalSection(SolutionProperties) = preSolution
		HideSolutionNode = FALSE
	EndGlobalSection
	GlobalSection(ExtensibilityGlobals) = postSolution
		SolutionGuid = {E2CCD2FD-1BEB-4941-8625-0544641DC4DA}
	EndGlobalSection
EndGlobal
